github.com/Masterminds/semver v1.5.0 h1:H65muMkzWKEuNDnfl9d70GUjFniHKHRbFPGBuZ3QEww=
github.com/Masterminds/semver v1.5.0/go.mod h1:MB6lktGJrhw8PrUyiEoblNEGEQ+RzHPF078ddwwvV3Y=
github.com/allegro/bigcache/v3 v3.2.0 h1:B45F9x3iaoBlhzIA+0jqxlThTUoyg+mOk7HUKSbJOL8=
github.com/allegro/bigcache/v3 v3.2.0/go.mod h1:qvxNn6cSKfWRmfDuPJbZcfxsQXEtoskUqPzT0kuHG5s=
github.com/aws/aws-sdk-go-v2 v1.43.7 h1:msCzvkeYJA9ehbV8mRRmkZLo/zJg/+yDVLNtflg83hQ=
github.com/aws/aws-sdk-go-v2 v1.43.7/go.mod h1:tXpPM+v0D1lndmga+HqqLDIzUFJlEeR21aspVklHF00=
github.com/aws/aws-sdk-go-v2/aws/protocol/eventstream v1.7.18 h1:LAfOuhAH331fmOjTQpAaOlH+Ftn7RzSDJ2VFwjdMMy4=
github.com/aws/aws-sdk-go-v2/aws/protocol/eventstream v1.7.18/go.mod h1:4e5xhuXHx1e4U9EthvbPP1r/DIMp5c2823OL8karzcM=
github.com/aws/aws-sdk-go-v2/config v1.32.38 h1:n4yPHBjtQ3BrIIUyk0/LAqf/BL2iv0Tw6XZcMRzM0ps=
github.com/aws/aws-sdk-go-v2/config v1.32.38/go.mod h1:dencYsOS1R7rBy8zehCvwBYzdxxL4Q/nRK7In03wjN8=
github.com/aws/aws-sdk-go-v2/credentials v1.19.37 h1:FJ8Iz4/xISMB/rwLlgfWujfGDFWr0oneQgtA6KPcYLY=
github.com/aws/aws-sdk-go-v2/credentials v1.19.37/go.mod h1:Q6pWOgVUp49x4g5QVi29wHofUoICnZ+Zq4jHbRN/7ec=
github.com/aws/aws-sdk-go-v2/feature/ec2/imds v1.18.38 h1:Nqo2jU1wz5rnBM9XQyXfVD1RP8txkbP3EDx8hR/hbCE=
github.com/aws/aws-sdk-go-v2/feature/ec2/imds v1.18.38/go.mod h1:PzJFHhjR2vWFKHe8HmY5Lxhvwyxnr5MERtk0nDxWNbk=
github.com/aws/aws-sdk-go-v2/internal/configsources v1.4.38 h1:MBMg0zJ6i4TkAJ0dVFLKKn2cOkY6FkicmUDM67BRr6g=
github.com/aws/aws-sdk-go-v2/internal/configsources v1.4.38/go.mod h1:9MWuJbyiUyj6eA7W1/zm1zuePDPSB3g+xcgRQeMWsXc=
github.com/aws/aws-sdk-go-v2/internal/endpoints/v2 v2.7.38 h1:lHm4jPf3k1Lz5ZWc+Vcn3MKVwym+26kWCba9FkJ4f0Y=
github.com/aws/aws-sdk-go-v2/internal/endpoints/v2 v2.7.38/go.mod h1:Rn+P2XR+FbyZzjmWKjg/KUZNxmGfr5oZwh5jQiE+CzI=
github.com/aws/aws-sdk-go-v2/internal/v4a v1.4.39 h1:vo4xvMRs/F6h1E52qsgLqCQgWIQXgIJUauG6rlZEh4U=
github.com/aws/aws-sdk-go-v2/internal/v4a v1.4.39/go.mod h1:jB03R1ij/A+OE2e1dz6vgj076gd7vlYcfstAzj3HcnU=
github.com/aws/aws-sdk-go-v2/service/autoscaling v1.72.2 h1:QRj6kv7NZ33+Va/bGzDNd+WbCuocF5wQLx1av7Oj9Xs=
github.com/aws/aws-sdk-go-v2/service/autoscaling v1.72.2/go.mod h1:7/hlAWgVGLsdlxD+xwD3/S/19CPE6hYlbmtAtjWQy4I=
github.com/aws/aws-sdk-go-v2/service/batch v1.70.0 h1:VsCR2i9tS3Rga+poGD/HqgIs97R0tNXV6SACAcnX5/A=
github.com/aws/aws-sdk-go-v2/service/batch v1.70.0/go.mod h1:xGQysUuPPAg98qluJBjCOdiO2w6iSAHRlOYNCzz8Pzo=
github.com/aws/aws-sdk-go-v2/service/cloudcontrol v1.32.7 h1:IA4yiw9ULQnDQUhPeGJmIMjwDdUI977i/O5G2Y+I6f8=
github.com/aws/aws-sdk-go-v2/service/cloudcontrol v1.32.7/go.mod h1:Nqm9uZ67/61hPHMQ9xMhr40ObNvlGD7X5noufKZ8IWM=
github.com/aws/aws-sdk-go-v2/service/cloudfront v1.68.0 h1:JEXUV287ovPx1ttxFSO2O7Cy4IqkB5EJhmDz+wir1pI=
github.com/aws/aws-sdk-go-v2/service/cloudfront v1.68.0/go.mod h1:jNUBs0mXEytoFacbqg9Kt/6/WK2x31qz4/pztK/I7g4=
github.com/aws/aws-sdk-go-v2/service/cloudtrail v1.58.7 h1:8kG8JQPDwJl70yT8RVqF0OSTTZ1Q/QXY89q2JxOKveI=
github.com/aws/aws-sdk-go-v2/service/cloudtrail v1.58.7/go.mod h1:klBn43ckgE3NfVynTBsG+4r++aT85GhzSclM1ZK8Y+4=
github.com/aws/aws-sdk-go-v2/service/cloudwatchlogs v1.82.3 h1:NdGQPpwrxGn+l8LIaRH67jMItmjfHyIi4tszQn15Itw=
github.com/aws/aws-sdk-go-v2/service/cloudwatchlogs v1.82.3/go.mod h1:tVtmZibzI3RI5isJfU1aM9jIQART8pF/IXCflKAuUn0=
github.com/aws/aws-sdk-go-v2/service/configservice v1.68.7 h1:jDzYsSaTN5L7mBs++vJO7xrwmk1cf+XMC8wUMFJB9Sc=
github.com/aws/aws-sdk-go-v2/service/configservice v1.68.7/go.mod h1:eQTlWAkpbcHW0njwsAQzyyhIDyD6kW++PkaW3SNB2AE=
github.com/aws/aws-sdk-go-v2/service/costexplorer v1.67.7 h1:D5oyXQ2u7GjviWIKuvsmJspTVqX+WMkiZ95XjdyNalw=
github.com/aws/aws-sdk-go-v2/service/costexplorer v1.67.7/go.mod h1:RUviXz24ID0vQYBzqbRRIZUjoj8oGt4T7qr22aoaOu0=
github.com/aws/aws-sdk-go-v2/service/dynamodb v1.63.4 h1:po1aTwrJKV0sLaPzvOmHlW9J9VL/4Z3M2gZFbH8t9cY=
github.com/aws/aws-sdk-go-v2/service/dynamodb v1.63.4/go.mod h1:zLWRn5gabNbj8VT59XrgICjxlCtKeb8XUx4KrLhV01M=
github.com/aws/aws-sdk-go-v2/service/ec2 v1.322.0 h1:ZDC/lswqgAoeNiee1NxZPJzrO/pNNlYyOZ0VaIQVqZE=
github.com/aws/aws-sdk-go-v2/service/ec2 v1.322.0/go.mod h1:JzZmY7901meEnfOnNax3sxcqbBgLEGjrqtu+gdwA4Ag=
github.com/aws/aws-sdk-go-v2/service/ecs v1.90.3 h1:X+/wYl9fnCLmJXXP1w7ZesSWKb2kxHGfy/hVVusCpyc=
github.com/aws/aws-sdk-go-v2/service/ecs v1.90.3/go.mod h1:vJOwM8K4xqMV6L/YseYR9GqwNEAz35ww0wFCpZMPNb8=
github.com/aws/aws-sdk-go-v2/service/efs v1.44.7 h1:ieH1Ad4tUmlFVryJlbD/+aTt5v+nXy1cXdWxDs5U3Gg=
github.com/aws/aws-sdk-go-v2/service/efs v1.44.7/go.mod h1:KBwKxOBZgJ7kADAMsjTrQBcMUyBi+JVDkxkS6tG0ezw=
github.com/aws/aws-sdk-go-v2/service/eks v1.92.1 h1:KmMU63Pa+C+RdfSfjH0u02+V0PxwV0j+8e4ugjh7D8k=
github.com/aws/aws-sdk-go-v2/service/eks v1.92.1/go.mod h1:5rjzONOYrGs/oDghzPRCUD4+LFnPuIoDtukWAKVrqyY=
github.com/aws/aws-sdk-go-v2/service/elasticloadbalancingv2 v1.58.8 h1:u3o+cRBhXsCnzsEDtQcjKhmQ3kPD0bhVUnfhVGFeOKo=
github.com/aws/aws-sdk-go-v2/service/elasticloadbalancingv2 v1.58.8/go.mod h1:AtUQ0d0RqhAdn8v9B0UpCYqqszgU9QPT1QxZjGLj80k=
github.com/aws/aws-sdk-go-v2/service/emr v1.64.7 h1:1rFKk68Rmxj4KdG3Uzxk1KwdeVHjKBvtIYOlxh1YIr0=
github.com/aws/aws-sdk-go-v2/service/emr v1.64.7/go.mod h1:sQmpeMzrhFzBFemgS+oQJJCh6SNXSQZzW3IEmmw0Yb4=
github.com/aws/aws-sdk-go-v2/service/emrserverless v1.44.7 h1:3jVtFyocrOsfCh//SdcQCntfm7ffaVREkEdMWBpNVHk=
github.com/aws/aws-sdk-go-v2/service/emrserverless v1.44.7/go.mod h1:vJ/j/k6FlaMo/VhaLfffXpzY092t1uEhvc4hyCEaHfA=
github.com/aws/aws-sdk-go-v2/service/glue v1.153.1 h1:faFs9/xBWEyJ/n0WRrUxHofnBt+c/KE8WnyfeBNwIM4=
github.com/aws/aws-sdk-go-v2/service/glue v1.153.1/go.mod h1:UaOEY6ZeIqpwMy1wMKSNI5KGmMtE6vwhpQm0yII0Dfc=
github.com/aws/aws-sdk-go-v2/service/iam v1.59.2 h1:An/8OH+HhHxKar6bDa8v1ITiG7V3/lU+TwErOzzCm1M=
github.com/aws/aws-sdk-go-v2/service/iam v1.59.2/go.mod h1:gQRbwtyMFDBnV/58n5bVWmZi50c7H2HN/+ikrW876So=
github.com/aws/aws-sdk-go-v2/service/internal/accept-encoding v1.13.17 h1:OvYZOB3qA6zvfdRFiRFRzVSiElMYrz3GdntkXZxlp1o=
github.com/aws/aws-sdk-go-v2/service/internal/accept-encoding v1.13.17/go.mod h1:JgR/2Ew50ACfIWau1oeMRX59tMtC0kM+PYQGEaT04cY=
github.com/aws/aws-sdk-go-v2/service/internal/checksum v1.9.31 h1:uZOinZb+h7lZw8IYzP1z1IuEnueB76/EFkcf/fEW4Ag=
github.com/aws/aws-sdk-go-v2/service/internal/checksum v1.9.31/go.mod h1:NRtwAM/p5VRt03TlEUs0pH3TeWamWdf4YyJpSrzPYLc=
github.com/aws/aws-sdk-go-v2/service/internal/endpoint-discovery v1.12.15 h1:I8tIqh7tQ5GxYwgEsN57V/dYNCDr/2u9a77nE3htie4=
github.com/aws/aws-sdk-go-v2/service/internal/endpoint-discovery v1.12.15/go.mod h1:cIYnGuVFa0DBY0Mq4/VPPcD9GdvYHBdMwHK3HE5RDRc=
github.com/aws/aws-sdk-go-v2/service/internal/presigned-url v1.13.38 h1:H/5TI1jqaHsNoDQ60UwvPvJBg4GURkinXI3Qga29t2w=
github.com/aws/aws-sdk-go-v2/service/internal/presigned-url v1.13.38/go.mod h1:PTVFf+XH++7NJOky+RLBYQx0QA5NcaeEYFQ2fsi0nwo=
github.com/aws/aws-sdk-go-v2/service/internal/s3shared v1.19.39 h1:HLPAVrlLDaN2boN0xJx7MgaQDNEO3Q+c9L6kl/8m47Q=
github.com/aws/aws-sdk-go-v2/service/internal/s3shared v1.19.39/go.mod h1:Pg/dVfsNkm1hsIDK/gMvCKtmyNfNTV12mrgHqVE/6Oo=
github.com/aws/aws-sdk-go-v2/service/lambda v1.102.0 h1:6DieWbDSZRl/3X9WBd1I2dX58KK1Bk4U5L4Lse6bJhQ=
github.com/aws/aws-sdk-go-v2/service/lambda v1.102.0/go.mod h1:TjkkzyKth5PG4AMJIif6MBfdZsa0FXl38wx8hLJm9iY=
github.com/aws/aws-sdk-go-v2/service/pricing v1.44.7 h1:zIWEBHizY/rqduIGn6Tzj5m+2U5+tMm6WdSX27MN3xQ=
github.com/aws/aws-sdk-go-v2/service/pricing v1.44.7/go.mod h1:lnOYirzEjrBXQdfjzqOVHeJ48jfhUoTk5sjjO+3sKVg=
github.com/aws/aws-sdk-go-v2/service/rds v1.124.4 h1:cnAJO6Jt3JjkOFyCMJswcAYrcGG/xSjiM0XJ31+J40s=
github.com/aws/aws-sdk-go-v2/service/rds v1.124.4/go.mod h1:NOafC1uoxZD59f/+au6BZN7s5zp/cFztIy61OFLBSo4=
github.com/aws/aws-sdk-go-v2/service/route53 v1.65.9 h1:zzUK8JFvcZafaE/Ua05DOfwz1Es2Xoc1+Vogu+qG+90=
github.com/aws/aws-sdk-go-v2/service/route53 v1.65.9/go.mod h1:PYKGMazd5Lis+UpdowG8d0NxvxQoNVlK4KPlCQCUa6g=
github.com/aws/aws-sdk-go-v2/service/route53domains v1.39.2 h1:YaQcECTGVJGo3EIjn0UPEVZgbj5EOsXeMdkIMdJq8Bw=
github.com/aws/aws-sdk-go-v2/service/route53domains v1.39.2/go.mod h1:mdvycfvdQzlNt2RjHIF91CAOsuuSiMoTh6TjJdm1Vz0=
github.com/aws/aws-sdk-go-v2/service/s3 v1.107.3 h1:IKoCZqfWfZzSBi16QFQ+QcbQ3LRQ7QgB1S5tDAyPBQQ=
github.com/aws/aws-sdk-go-v2/service/s3 v1.107.3/go.mod h1:RBpRcXiM4s2pOInVs32GsBonnje+fiAj4mcrStRmlCA=
github.com/aws/aws-sdk-go-v2/service/secretsmanager v1.44.7 h1:qanwwhOS4MEtv8b2R+XPvUpBQp1XaWHAPySCzplefLo=
github.com/aws/aws-sdk-go-v2/service/secretsmanager v1.44.7/go.mod h1:Bmg1lhVcMjhT8VhFXQ9jx7ZbfmWDCslSpVFK/aHKRTE=
github.com/aws/aws-sdk-go-v2/service/signin v1.5.7 h1:YcczQ6zNH/ojIzD/ikDrO+RfW06wmdMp18d4NH5hXY4=
github.com/aws/aws-sdk-go-v2/service/signin v1.5.7/go.mod h1:nl9RVnb9ulgAYzOkjLq1NyFxmWcnH2maCUEuOdESy98=
github.com/aws/aws-sdk-go-v2/service/sns v1.42.7 h1:uN4m1MGl4XAbm2D0+ZuAS29PQt9qatLPAj6rabY9yUs=
github.com/aws/aws-sdk-go-v2/service/sns v1.42.7/go.mod h1:b1u4gpEJLmL+icKTdEM9+9oC4alL+sKrVi4T/IbGrX8=
github.com/aws/aws-sdk-go-v2/service/sqs v1.46.7 h1:1A1rBhfNSJJ8JSxxWzbY2UbaI9wOu1G3FvjKsuhvUdg=
github.com/aws/aws-sdk-go-v2/service/sqs v1.46.7/go.mod h1:StIEARuthBzD6irPINvOKymBc4hE/QVZeMacPE1olE0=
github.com/aws/aws-sdk-go-v2/service/sso v1.33.7 h1:P+bMNiA93gyuYT3Oh+4dWtvrnGcu2bd9Uy5hRJM8BNo=
github.com/aws/aws-sdk-go-v2/service/sso v1.33.7/go.mod h1:zy+397isDFLvleg9H18Zq2MGzMso7uKyJyzR7DWSgFk=
github.com/aws/aws-sdk-go-v2/service/ssooidc v1.38.7 h1:WWkehGZ4nWtOKLMy0yi8+RqzzVqAGe60hGaxwF06JAw=
github.com/aws/aws-sdk-go-v2/service/ssooidc v1.38.7/go.mod h1:T8AI4SbQYm9ybcVmki2T3n7Qg1g3kfWoeQlNwNYOyO8=
github.com/aws/aws-sdk-go-v2/service/sts v1.45.7 h1:yU/9y2r7s9kSUPbHXbpQTa4LA8kt+CMgpu1OBrhx8p4=
github.com/aws/aws-sdk-go-v2/service/sts v1.45.7/go.mod h1:0lQTDEBArMevQXpxu443LVGjKxxEeSsSnrw9n8YiTMg=
github.com/aws/smithy-go v1.27.8 h1:FR0dxZfIlV7Z8eh2iHfIofdunw382XsDV3Mxt9nUvRY=
github.com/aws/smithy-go v1.27.8/go.mod h1:YE2RhdIuDbA5E5bTdciG9KrW3+TiEONeUWCqxX9i1Fc=
github.com/barweiss/go-tuple v1.0.2 h1:RFUKJf8BaALDgX4WIS1fgmAeEFLQo9h+n/QrbIQrdSo=
github.com/barweiss/go-tuple v1.0.2/go.mod h1:oX3AtZyuGnCuK3B4PlUIfR9spxyJ42bgTSqCI9GkPB0=
github.com/beorn7/perks v1.0.1 h1:VlbKKnNfV8bJzeqoa4cOKqO6bYr3WgKZxO8Z16+hsOM=
github.com/beorn7/perks v1.0.1/go.mod h1:G2ZrVWU2WbWT9wwq4/hrbKbnv/1ERSJQ0ibhJ6rlkpw=
github.com/cespare/xxhash/v2 v2.3.0 h1:UL815xU9SqsFlibzuggzjXhog7bL6oX9BbNZnL2UFvs=
github.com/cespare/xxhash/v2 v2.3.0/go.mod h1:VGX0DQ3Q6kWi7AoAeZDth3/j3BFtOZR5XLFGgcrjCOs=
github.com/dlclark/regexp2 v1.11.0 h1:G/nrcoOa7ZXlpoa/91N3X7mM3r8eIlMBBJZvsz/mxKI=
github.com/dlclark/regexp2 v1.11.0/go.mod h1:DHkYz0B9wPfa6wondMfaivmHpzrQ3v9q8cnmRbL6yW8=
github.com/frankban/quicktest v1.14.6 h1:7Xjx+VpznH+oBnejlPUj8oUpdxnVs4f8XU8WnHkI4W8=
github.com/frankban/quicktest v1.14.6/go.mod h1:4ptaffx2x8+WTWXmUCuVU6aPUX1/Mz7zb5vbUoiM6w0=
github.com/go-errors/errors v1.5.1 h1:ZwEMSLRCapFLflTpT7NKaAc7ukJ8ZPEjzlxt8rPN8bk=
github.com/go-errors/errors v1.5.1/go.mod h1:sIVyrIiJhuEF+Pj9Ebtd6P/rEYROXFi3BopGUQ5a5Og=
github.com/google/go-cmp v0.7.0 h1:wk8382ETsv4JYUZwIsn6YpYiWiBsYLSJiTsyBybVuN8=
github.com/google/go-cmp v0.7.0/go.mod h1:pXiqmnSA92OHEEa9HXL2W4E7lf9JzCmGVUdgjX3N/iU=
github.com/google/jsonschema-go v0.4.2 h1:tmrUohrwoLZZS/P3x7ex0WAVknEkBZM46iALbcqoRA8=
github.com/google/jsonschema-go v0.4.2/go.mod h1:r5quNTdLOYEz95Ru18zA0ydNbBuYoo9tgaYcxEYhJVE=
github.com/google/uuid v1.6.0 h1:NIvaJDMOsjHA8n1jAhLSgzrAzy1Hgr+hNrb57e+94F0=
github.com/google/uuid v1.6.0/go.mod h1:TIyPZe4MgqvfeYDBFedMoGGpEw/LqOeaOT+nhxU+yHo=
github.com/imunhatep/awslib v0.7.0 h1:5HmfdPgG+2ilIKhzGQpeZwFQ3ThBuIHavCfjB+IilwM=
github.com/imunhatep/awslib v0.7.0/go.mod h1:j90+b9h1jORjXSyCdpjKVFi3LJbrCf+TB0IRuOto7zw=
github.com/imunhatep/gocollection v0.2.1 h1:hrrHrpLjspmZkQtxjacu7t8+mY/TSPjsPdoT3OdxsXc=
github.com/imunhatep/gocollection v0.2.1/go.mod h1:fPmRT25eXp+nLCGIqyL3TmehsgK1oWNn00pv4sEVplo=
github.com/kr/pretty v0.3.1 h1:flRD4NNwYAUpkphVc1HcthR4KEIFJ65n8Mw5qdRn3LE=
github.com/kr/pretty v0.3.1/go.mod h1:hoEshYVHaxMs3cyo3Yncou5ZscifuDolrwPKZanG3xk=
github.com/kr/text v0.2.0 h1:5Nx0Ya0ZqY2ygV366QzturHI13Jq95ApcVaJBhpS+AY=
github.com/kr/text v0.2.0/go.mod h1:eLer722TekiGuMkidMxC/pM04lWEeraHUUmBw8l2grE=
github.com/mark3labs/mcp-go v0.57.0 h1:jzWKyCzdWnwnZt05cvcQQ+ngiUl2RnixXJa7Kj4qP1E=
github.com/mark3labs/mcp-go v0.57.0/go.mod h1:+8WclSK1ZUweCP3hvktSji8n8ABG/95QaEkeVE/Uwas=
github.com/mattn/go-colorable v0.1.14 h1:9A9LHSqF/7dyVVX6g0U9cwm9pG3kP9gSzcuIPHPsaIE=
github.com/mattn/go-colorable v0.1.14/go.mod h1:6LmQG8QLFO4G5z1gPvYEzlUgJ2wF+stgPZH1UqBm1s8=
github.com/mattn/go-isatty v0.0.20 h1:xfD0iDuEKnDkl03q4limB+vH+GxLEtL/jb4xVJSWWEY=
github.com/mattn/go-isatty v0.0.20/go.mod h1:W+V8PltTTMOvKvAeJH7IuucS94S2C6jfK/D7dTCTo3Y=
github.com/munnerz/goautoneg v0.0.0-20191010083416-a7dc8b61c822 h1:C3w9PqII01/Oq1c1nUAm88MOHcQC9l5mIlSMApZMrHA=
github.com/munnerz/goautoneg v0.0.0-20191010083416-a7dc8b61c822/go.mod h1:+n7T8mK8HuQTcFwEeznm/DIxMOiR9yIdICNftLE1DvQ=
github.com/prometheus/client_golang v1.24.1 h1:JnJkREXzWxUdCuPFpIWZiPispT9xVV59uiuyR2bPlnU=
github.com/prometheus/client_golang v1.24.1/go.mod h1:F+oSRECHg4sse5ucfYpYDeIv/hu68Zo0uoHKetWnzcE=
github.com/prometheus/client_model v0.6.2 h1:oBsgwpGs7iVziMvrGhE53c/GrLUsZdHnqNwqPLxwZyk=
github.com/prometheus/client_model v0.6.2/go.mod h1:y3m2F6Gdpfy6Ut/GBsUqTWZqCUvMVzSfMLjcu6wAwpE=
github.com/prometheus/common v0.70.1 h1:1HvjP4D5oL3t8RsPlwxA9onvvStjtIHYE5XuuwOi/PY=
github.com/prometheus/common v0.70.1/go.mod h1:VdFUQDMZK3VLkurFUVhia6uys/0suUp86TJz5qbJRhc=
github.com/prometheus/procfs v0.21.1 h1:GljZCt+zSTS+NZq88cyQ1LjZ+RCHp3uVuabBWA5+OJI=
github.com/prometheus/procfs v0.21.1/go.mod h1:aB55Cww9pdSJVHk0hUf0inxWyyjPogFIjmHKYgMKmtY=
github.com/rogpeppe/go-internal v1.14.1 h1:UQB4HGPB6osV0SQTLymcB4TgvyWu6ZyliaW0tI/otEQ=
github.com/rogpeppe/go-internal v1.14.1/go.mod h1:MaRKkUm5W0goXpeCfT7UZI6fk/L7L7so1lCWt35ZSgc=
github.com/rs/zerolog v1.35.1 h1:m7xQeoiLIiV0BCEY4Hs+j2NG4Gp2o2KPKmhnnLiazKI=
github.com/rs/zerolog v1.35.1/go.mod h1:EjML9kdfa/RMA7h/6z6pYmq1ykOuA8/mjWaEvGI+jcw=
github.com/samber/mo v1.7.0 h1:wYI97e2+CHUvhkRGK1dl5FWpv/XDieaEYIAEJ9XVu2o=
github.com/samber/mo v1.7.0/go.mod h1:gELW3aXN9Utq0gz969NbLMeZo6dkUW8QTohmafdFEEA=
github.com/santhosh-tekuri/jsonschema/v6 v6.0.2 h1:KRzFb2m7YtdldCEkzs6KqmJw4nqEVZGK7IN2kJkjTuQ=
github.com/santhosh-tekuri/jsonschema/v6 v6.0.2/go.mod h1:JXeL+ps8p7/KNMjDQk3TCwPpBy0wYklyWTfbkIzdIFU=
github.com/spf13/cast v1.7.1 h1:cuNEagBQEHWN1FnbGEjCXL2szYEXqfJPbP2HNUaca9Y=
github.com/spf13/cast v1.7.1/go.mod h1:ancEpBxwJDODSW/UG4rDrAqiKolqNNh2DX3mk86cAdo=
github.com/stretchr/testify v1.12.1 h1:EuwCh5fleGS7H32xRwO3wRGT7DxrDhLAT6FF8MpWDWE=
github.com/stretchr/testify v1.12.1/go.mod h1:MDEgiDPPsNp5cuIrHPPCyornHKgEVbtFUmoNlxoYthg=
github.com/urfave/cli/v3 v3.10.1 h1:7Kx9H50hrHbRbyxgO1KP6/BcbiGRz0uYh5YyQ30JEEY=
github.com/urfave/cli/v3 v3.10.1/go.mod h1:ysVLtOEmg2tOy6PknnYVhDoouyC/6N42TMeoMzskhso=
github.com/yosida95/uritemplate/v3 v3.0.2 h1:Ed3Oyj9yrmi9087+NczuL5BwkIc4wvTb5zIM+UJPGz4=
github.com/yosida95/uritemplate/v3 v3.0.2/go.mod h1:ILOh0sOhIJR3+L/8afwt/kE++YT040gmv5BQTMR2HP4=
go.uber.org/goleak v1.3.0 h1:2K3zAYmnTNqV73imy9J1T3WC+gmCePx2hEGkimedGto=
go.uber.org/goleak v1.3.0/go.mod h1:CoHD4mav9JJNrW/WLlf7HGZPjdw8EucARQHekz1X6bE=
go.yaml.in/yaml/v2 v2.4.4 h1:tuyd0P+2Ont/d6e2rl3be67goVK4R6deVxCUX5vyPaQ=
go.yaml.in/yaml/v2 v2.4.4/go.mod h1:gMZqIpDtDqOfM0uNfy0SkpRhvUryYH0Z6wdMYcacYXQ=
go.yaml.in/yaml/v3 v3.0.5 h1:N6y/pJk8buWs9NY5ERU2HSMfm+IuD/OtfdAnq6kESPw=
go.yaml.in/yaml/v3 v3.0.5/go.mod h1:HVTZu1O7/Vkt2N+BFy8Zza+lnLsABggaTM2ZpNIGuKg=
golang.org/x/exp v0.0.0-20230108222341-4b8118a2686a h1:tlXy25amD5A7gOfbXdqCGN5k8ESEed/Ee1E5RcrYnqU=
golang.org/x/exp v0.0.0-20230108222341-4b8118a2686a/go.mod h1:CxIveKay+FTh1D0yPZemJVgC/95VzuuOLq5Qi4xnoYc=
golang.org/x/sys v0.6.0/go.mod h1:oPkhp1MJrh7nUepCBck5+mAzfO9JrbApNNgaTdGDITg=
golang.org/x/sys v0.47.0 h1:o7XGOvZQCADBQQ4Y7VNq2dRWQR7JmOUW8Kxx4ZsNgWs=
golang.org/x/sys v0.47.0/go.mod h1:4GL1E5IUh+htKOUEOaiffhrAeqysfVGipDYzABqnCmw=
golang.org/x/text v0.40.0 h1:Ub2Z6/xjgF1WrYQz2nuITOEegKFtiIy+rieRJ5lHZKs=
golang.org/x/text v0.40.0/go.mod h1:hpnzDAfGV753zIKo+wk3u1bVKCGPbrnF7+7LBF/UHVY=
google.golang.org/protobuf v1.36.11 h1:fV6ZwhNocDyBLK0dj+fg8ektcVegBBuEolpbTQyBNVE=
google.golang.org/protobuf v1.36.11/go.mod h1:HTf+CrKn2C3g5S8VImy6tdcUvCska2kB7j23XfzDpco=
